
Microsoft Visual Studio Solution File, Format Version 12.00
# Visual Studio 2013
VisualStudioVersion = 12.0.31101.0
MinimumVisualStudioVersion = 10.0.40219.1
Project("{FAE04EC0-301F-11D3-BF4B-00C04F79EFBC}") = "NorthWind1", "NorthWind1\NorthWind1.csproj", "{C2BEAEA7-786F-43CC-9AA5-C68A16F31736}"
EndProject
Project("{FAE04EC0-301F-11D3-BF4B-00C04F79EFBC}") = "Entities", "Entities\Entities.csproj", "{0DECAEE6-9BBC-4D88-8164-4F855342EAAE}"
EndProject
Project("{FAE04EC0-301F-11D3-BF4B-00C04F79EFBC}") = "DataAccess", "DataAccess\DataAccess.csproj", "{7DC31E9C-F1CB-48CC-B492-22ED72CE940D}"
EndProject
Project("{FAE04EC0-301F-11D3-BF4B-00C04F79EFBC}") = "BussinesLogic", "BussinesLogic\BussinesLogic.csproj", "{A3F01C54-7ABE-4FF8-8796-C5C614EE2889}"
EndProject
Global
	GlobalSection(SolutionConfigurationPlatforms) = preSolution
		Debug|Any CPU = Debug|Any CPU
		Release|Any CPU = Release|Any CPU
	EndGlobalSection
	GlobalSection(ProjectConfigurationPlatforms) = postSolution
		{C2BEAEA7-786F-43CC-9AA5-C68A16F31736}.Debug|Any CPU.ActiveCfg = Debug|Any CPU
		{C2BEAEA7-786F-43CC-9AA5-C68A16F31736}.Debug|Any CPU.Build.0 = Debug|Any CPU
		{C2BEAEA7-786F-43CC-9AA5-C68A16F31736}.Release|Any CPU.ActiveCfg = Release|Any CPU
		{C2BEAEA7-786F-43CC-9AA5-C68A16F31736}.Release|Any CPU.Build.0 = Release|Any CPU
		{0DECAEE6-9BBC-4D88-8164-4F855342EAAE}.Debug|Any CPU.ActiveCfg = Debug|Any CPU
		{0DECAEE6-9BBC-4D88-8164-4F855342EAAE}.Debug|Any CPU.Build.0 = Debug|Any CPU
		{0DECAEE6-9BBC-4D88-8164-4F855342EAAE}.Release|Any CPU.ActiveCfg = Release|Any CPU
		{0DECAEE6-9BBC-4D88-8164-4F855342EAAE}.Release|Any CPU.Build.0 = Release|Any CPU
		{7DC31E9C-F1CB-48CC-B492-22ED72CE940D}.Debug|Any CPU.ActiveCfg = Debug|Any CPU
		{7DC31E9C-F1CB-48CC-B492-22ED72CE940D}.Debug|Any CPU.Build.0 = Debug|Any CPU
		{7DC31E9C-F1CB-48CC-B492-22ED72CE940D}.Release|Any CPU.ActiveCfg = Release|Any CPU
		{7DC31E9C-F1CB-48CC-B492-22ED72CE940D}.Release|Any CPU.Build.0 = Release|Any CPU
		{A3F01C54-7ABE-4FF8-8796-C5C614EE2889}.Debug|Any CPU.ActiveCfg = Debug|Any CPU
		{A3F01C54-7ABE-4FF8-8796-C5C614EE2889}.Debug|Any CPU.Build.0 = Debug|Any CPU
		{A3F01C54-7ABE-4FF8-8796-C5C614EE2889}.Release|Any CPU.ActiveCfg = Release|Any CPU
		{A3F01C54-7ABE-4FF8-8796-C5C614EE2889}.Release|Any CPU.Build.0 = Release|Any CPU
	EndGlobalSection
	GlobalSection(SolutionProperties) = preSolution
		HideSolutionNode = FALSE
	EndGlobalSection
EndGlobal
